schema: '2.0'
stages:
  data_ingestion:
    cmd: python src/data/data_ingestion.py
    deps:
    - path: src/data/data_ingestion.py
      hash: md5
      md5: 0f56aea400ec4eaf77954a2023114540
      size: 3775
    params:
      params.yaml:
        data_ingestion.test_size: 0.15
    outs:
    - path: data/raw
      hash: md5
      md5: 4271a0abb65999c9a9cc0f8c35918c92.dir
      size: 1321255
      nfiles: 2
  data_preprocessing:
    cmd: python src/data/data_preprocessing.py
    deps:
    - path: data/raw
      hash: md5
      md5: 4271a0abb65999c9a9cc0f8c35918c92.dir
      size: 1321255
      nfiles: 2
    - path: src/data/data_preprocessing.py
      hash: md5
      md5: a0d0986f1695b3e851d0f37dad4451b8
      size: 2909
    outs:
    - path: data/interim
      hash: md5
      md5: bf00cbe51eed2fbecb5bc8eab08b9cd4.dir
      size: 816264
      nfiles: 2
  feature_engineering:
    cmd: python src/features/feature_engineering.py
    deps:
    - path: data/interim
      hash: md5
      md5: bf00cbe51eed2fbecb5bc8eab08b9cd4.dir
      size: 816264
      nfiles: 2
    - path: src/features/feature_engineering.py
      hash: md5
      md5: cfaf71fa8bd1fae8af5abc3cbbe3387b
      size: 3447
    params:
      params.yaml:
        feature_engineering.max_features: 50
    outs:
    - path: data/processed
      hash: md5
      md5: fd327e47ef79e1e674256fca76a3042f.dir
      size: 103500
      nfiles: 2
    - path: models/vectorizer.pkl
      hash: md5
      md5: bdc0b668c7bc05a5b3f3f893379cb54b
      size: 1659
  model_building:
    cmd: python src/model/model_building.py
    deps:
    - path: data/processed
      hash: md5
      md5: fd327e47ef79e1e674256fca76a3042f.dir
      size: 103500
      nfiles: 2
    - path: src/model/model_building.py
      hash: md5
      md5: 5262c77711462ba3ee484a3828aa413f
      size: 1859
    outs:
    - path: models/model.pkl
      hash: md5
      md5: f89df59595ee00cdab6126240b770649
      size: 1114
  model_evaluation:
    cmd: python src/model/model_evaluation.py
    deps:
    - path: models/model.pkl
      hash: md5
      md5: f89df59595ee00cdab6126240b770649
      size: 1114
    - path: src/model/model_evaluation.py
      hash: md5
      md5: 8988e2f1928ff4eccc487bcd16a188b7
      size: 5533
    outs:
    - path: reports/experiment_info.json
      hash: md5
      md5: 1c8653435c68123fcfd813555dc7eee3
      size: 82
    - path: reports/metrics.json
      hash: md5
      md5: 0f20e54c698a9018e0c2c9cffe1ff2ed
      size: 144
  model_registration:
    cmd: python src/model/register_model.py
    deps:
    - path: reports/experiment_info.json
      hash: md5
      md5: 1c8653435c68123fcfd813555dc7eee3
      size: 82
    - path: src/model/register_model.py
      hash: md5
      md5: 380d27e4150f89d0fdee9f9265ecd1b2
      size: 3105
